
Microsoft Visual Studio Solution File, Format Version 12.00
# Visual Studio Version 16
VisualStudioVersion = 16.0.30804.86
MinimumVisualStudioVersion = 10.0.40219.1
Project("{FAE04EC0-301F-11D3-BF4B-00C04F79EFBC}") = "zad2", "zad2\zad2.csproj", "{42F70FF4-4027-4EA1-9B06-2026E98B672D}"
EndProject
Global
	GlobalSection(SolutionConfigurationPlatforms) = preSolution
		Debug|Any CPU = Debug|Any CPU
		Release|Any CPU = Release|Any CPU
	EndGlobalSection
	GlobalSection(ProjectConfigurationPlatforms) = postSolution
		{42F70FF4-4027-4EA1-9B06-2026E98B672D}.Debug|Any CPU.ActiveCfg = Debug|Any CPU
		{42F70FF4-4027-4EA1-9B06-2026E98B672D}.Debug|Any CPU.Build.0 = Debug|Any CPU
		{42F70FF4-4027-4EA1-9B06-2026E98B672D}.Release|Any CPU.ActiveCfg = Release|Any CPU
		{42F70FF4-4027-4EA1-9B06-2026E98B672D}.Release|Any CPU.Build.0 = Release|Any CPU
	EndGlobalSection
	GlobalSection(SolutionProperties) = preSolution
		HideSolutionNode = FALSE
	EndGlobalSection
	GlobalSection(ExtensibilityGlobals) = postSolution
		SolutionGuid = {24A366A4-20CD-4F85-A4BF-A85FC2DF8C60}
	EndGlobalSection
EndGlobal
